
Microsoft Visual Studio Solution File, Format Version 12.00
# Visual Studio 2013
VisualStudioVersion = 12.0.31101.0
MinimumVisualStudioVersion = 10.0.40219.1
Project("{FAE04EC0-301F-11D3-BF4B-00C04F79EFBC}") = "CRMUnitTestDemo.Plugins", "CRMUnitTestDemo\CRMUnitTestDemo.Plugins.csproj", "{BE57FD54-BDA1-43DC-A4F3-2036BD39F76C}"
EndProject
Project("{FAE04EC0-301F-11D3-BF4B-00C04F79EFBC}") = "CRMUnitTestDemo.Tests", "CRMUnitTestDemo.Tests\CRMUnitTestDemo.Tests.csproj", "{C0D3BF0F-BC50-4975-9121-5BB59E6EAA36}"
EndProject
Global
	GlobalSection(SolutionConfigurationPlatforms) = preSolution
		Debug|Any CPU = Debug|Any CPU
		Release|Any CPU = Release|Any CPU
	EndGlobalSection
	GlobalSection(ProjectConfigurationPlatforms) = postSolution
		{BE57FD54-BDA1-43DC-A4F3-2036BD39F76C}.Debug|Any CPU.ActiveCfg = Debug|Any CPU
		{BE57FD54-BDA1-43DC-A4F3-2036BD39F76C}.Debug|Any CPU.Build.0 = Debug|Any CPU
		{BE57FD54-BDA1-43DC-A4F3-2036BD39F76C}.Release|Any CPU.ActiveCfg = Release|Any CPU
		{BE57FD54-BDA1-43DC-A4F3-2036BD39F76C}.Release|Any CPU.Build.0 = Release|Any CPU
		{C0D3BF0F-BC50-4975-9121-5BB59E6EAA36}.Debug|Any CPU.ActiveCfg = Debug|Any CPU
		{C0D3BF0F-BC50-4975-9121-5BB59E6EAA36}.Debug|Any CPU.Build.0 = Debug|Any CPU
		{C0D3BF0F-BC50-4975-9121-5BB59E6EAA36}.Release|Any CPU.ActiveCfg = Release|Any CPU
		{C0D3BF0F-BC50-4975-9121-5BB59E6EAA36}.Release|Any CPU.Build.0 = Release|Any CPU
	EndGlobalSection
	GlobalSection(SolutionProperties) = preSolution
		HideSolutionNode = FALSE
	EndGlobalSection
EndGlobal
